{
    "_meta": {
        "hash": {
            "sha256": "3ec8970d3bd7f0570a78bdb9240547c48c2ebd97bb384a07e0c17da519c4d92f"
        },
        "pipfile-spec": 6,
        "requires": {
            "python_version": "3.9"
        },
        "sources": [
            {
                "name": "pypi",
                "url": "https://pypi.org/simple",
                "verify_ssl": true
            }
        ]
    },
    "default": {
        "gitdb": {
            "hashes": [
                "sha256:8033ad4e853066ba6ca92050b9df2f89301b8fc8bf7e9324d412a63f8bf1a8fd",
                "sha256:bac2fd45c0a1c9cf619e63a90d62bdc63892ef92387424b855792a6cabe789aa"
            ],
            "markers": "python_version >= '3.6'",
            "version": "==4.0.9"
        },
        "gitpython": {
            "hashes": [
                "sha256:dc0a7f2f697657acc8d7f89033e8b1ea94dd90356b2983bca89dc8d2ab3cc647",
                "sha256:df83fdf5e684fef7c6ee2c02fc68a5ceb7e7e759d08b694088d0cacb4eba59e5"
            ],
            "index": "pypi",
            "version": "==3.1.24"
        },
        "javalang": {
            "hashes": [
                "sha256:1681a5a480a58116d42a7eedfd132abe25e6c0ffe552868d581ad84e6aa3424c",
                "sha256:5c20f9ee81c49062341e78a88485d6a16f2fa7282856fecf79d2a9dc32374cca",
                "sha256:b203c258919b085b44b43b89effcba7291bb2d90c02906b915b39e86aa9fd8e6"
            ],
            "index": "pypi",
            "version": "==0.13.0"
        },
        "six": {
            "hashes": [
                "sha256:1e61c37477a1626458e36f7b1d82aa5c9b094fa4802892072e49de9c60c4c926",
                "sha256:8abb2f1d86890a2dfb989f9a77cfcfd3e47c2a354b01111771326f8aa26e0254"
            ],
            "markers": "python_version >= '2.7' and python_version not in '3.0, 3.1, 3.2, 3.3'",
            "version": "==1.16.0"
        },
        "smmap": {
            "hashes": [
                "sha256:2aba19d6a040e78d8b09de5c57e96207b09ed71d8e55ce0959eeee6c8e190d94",
                "sha256:c840e62059cd3be204b0c9c9f74be2c09d5648eddd4580d9314c3ecde0b30936"
            ],
            "markers": "python_version >= '3.6'",
            "version": "==5.0.0"
        },
        "typing-extensions": {
            "hashes": [
                "sha256:4ca091dea149f945ec56afb48dae714f21e8692ef22a395223bcd328961b6a0e",
                "sha256:7f001e5ac290a0c0401508864c7ec868be4e701886d5b573a9528ed3973d9d3b"
            ],
            "markers": "python_version < '3.10'",
            "version": "==4.0.1"
        },
        "unidiff": {
            "hashes": [
                "sha256:91bb13b4969514a400679d9ae5e29a6ffad85346087677f8b5e2e036af817447",
                "sha256:ae4a9dacb2fba7297dbd85c4d629728ca4b3a6c2606a53a419b53b0388857c89"
            ],
            "index": "pypi",
            "version": "==0.7.0"
        }
    },
    "develop": {
        "attrs": {
            "hashes": [
                "sha256:149e90d6d8ac20db7a955ad60cf0e6881a3f20d37096140088356da6c716b0b1",
                "sha256:ef6aaac3ca6cd92904cdd0d83f629a15f18053ec84e6432106f7a4d04ae4f5fb"
            ],
            "markers": "python_version >= '2.7' and python_version not in '3.0, 3.1, 3.2, 3.3, 3.4'",
            "version": "==21.2.0"
        },
        "iniconfig": {
            "hashes": [
                "sha256:011e24c64b7f47f6ebd835bb12a743f2fbe9a26d4cecaa7f53bc4f35ee9da8b3",
                "sha256:bc3af051d7d14b2ee5ef9969666def0cd1a000e121eaea580d4a313df4b37f32"
            ],
            "version": "==1.1.1"
        },
        "packaging": {
            "hashes": [
                "sha256:dd47c42927d89ab911e606518907cc2d3a1f38bbd026385970643f9c5b8ecfeb",
                "sha256:ef103e05f519cdc783ae24ea4e2e0f508a9c99b2d4969652eed6a2e1ea5bd522"
            ],
            "markers": "python_version >= '3.6'",
            "version": "==21.3"
        },
        "pluggy": {
            "hashes": [
                "sha256:4224373bacce55f955a878bf9cfa763c1e360858e330072059e10bad68531159",
                "sha256:74134bbf457f031a36d68416e1509f34bd5ccc019f0bcc952c7b909d06b37bd3"
            ],
            "markers": "python_version >= '3.6'",
            "version": "==1.0.0"
        },
        "py": {
            "hashes": [
                "sha256:51c75c4126074b472f746a24399ad32f6053d1b34b68d2fa41e558e6f4a98719",
                "sha256:607c53218732647dff4acdfcd50cb62615cedf612e72d1724fb1a0cc6405b378"
            ],
            "markers": "python_version >= '2.7' and python_version not in '3.0, 3.1, 3.2, 3.3, 3.4'",
            "version": "==1.11.0"
        },
        "pyparsing": {
            "hashes": [
                "sha256:04ff808a5b90911829c55c4e26f75fa5ca8a2f5f36aa3a51f68e27033341d3e4",
                "sha256:d9bdec0013ef1eb5a84ab39a3b3868911598afa494f5faa038647101504e2b81"
            ],
            "markers": "python_version >= '3.6'",
            "version": "==3.0.6"
        },
        "pytest": {
            "hashes": [
                "sha256:131b36680866a76e6781d13f101efb86cf674ebb9762eb70d3082b6f29889e89",
                "sha256:7310f8d27bc79ced999e760ca304d69f6ba6c6649c0b60fb0e04a4a77cacc134"
            ],
            "index": "pypi",
            "version": "==6.2.5"
        },
        "toml": {
            "hashes": [
                "sha256:806143ae5bfb6a3c6e736a764057db0e6a0e05e338b5630894a5f779cabb4f9b",
                "sha256:b3bda1d108d5dd99f4a20d24d9c348e91c4db7ab1b749200bded2f839ccbe68f"
            ],
            "markers": "python_version >= '2.6' and python_version not in '3.0, 3.1, 3.2, 3.3'",
            "version": "==0.10.2"
        }
    }
}
