{
    "_meta": {
        "hash": {
            "sha256": "a5efeb306b310d66e407e6ded77b5c645f90fef2181737eab08e54bc29ec25fc"
        },
        "pipfile-spec": 6,
        "requires": {
            "python_version": "3.9"
        },
        "sources": [
            {
                "name": "pypi",
                "url": "https://pypi.org/simple",
                "verify_ssl": true
            }
        ]
    },
    "default": {
        "certifi": {
            "hashes": [
                "sha256:84c85a9078b11105f04f3036a9482ae10e4621616db313fe045dd24743a0820d",
                "sha256:fe86415d55e84719d75f8b69414f6438ac3547d2078ab91b67e779ef69378412"
            ],
            "markers": "python_version >= '3.6'",
            "version": "==2022.6.15"
        },
        "charset-normalizer": {
            "hashes": [
                "sha256:2857e29ff0d34db842cd7ca3230549d1a697f96ee6d3fb071cfa6c7393832597",
                "sha256:6881edbebdb17b39b4eaaa821b438bf6eddffb4468cf344f09f89def34a8b1df"
            ],
            "markers": "python_full_version >= '3.5.0'",
            "version": "==2.0.12"
        },
        "gitdb": {
            "hashes": [
                "sha256:8033ad4e853066ba6ca92050b9df2f89301b8fc8bf7e9324d412a63f8bf1a8fd",
                "sha256:bac2fd45c0a1c9cf619e63a90d62bdc63892ef92387424b855792a6cabe789aa"
            ],
            "markers": "python_version >= '3.6'",
            "version": "==4.0.9"
        },
        "gitpython": {
            "hashes": [
                "sha256:1c885ce809e8ba2d88a29befeb385fcea06338d3640712b59ca623c220bb5704",
                "sha256:5b68b000463593e05ff2b261acff0ff0972df8ab1b70d3cdbd41b546c8b8fc3d"
            ],
            "index": "pypi",
            "version": "==3.1.27"
        },
        "idna": {
            "hashes": [
                "sha256:84d9dd047ffa80596e0f246e2eab0b391788b0503584e8945f2368256d2735ff",
                "sha256:9d643ff0a55b762d5cdb124b8eaa99c66322e2157b69160bc32796e824360e6d"
            ],
            "markers": "python_full_version >= '3.5.0'",
            "version": "==3.3"
        },
        "javalang": {
            "hashes": [
                "sha256:1681a5a480a58116d42a7eedfd132abe25e6c0ffe552868d581ad84e6aa3424c",
                "sha256:5c20f9ee81c49062341e78a88485d6a16f2fa7282856fecf79d2a9dc32374cca",
                "sha256:b203c258919b085b44b43b89effcba7291bb2d90c02906b915b39e86aa9fd8e6"
            ],
            "index": "pypi",
            "version": "==0.13.0"
        },
        "requests": {
            "hashes": [
                "sha256:bc7861137fbce630f17b03d3ad02ad0bf978c844f3536d0edda6499dafce2b6f",
                "sha256:d568723a7ebd25875d8d1eaf5dfa068cd2fc8194b2e483d7b1f7c81918dbec6b"
            ],
            "index": "pypi",
            "version": "==2.28.0"
        },
        "six": {
            "hashes": [
                "sha256:1e61c37477a1626458e36f7b1d82aa5c9b094fa4802892072e49de9c60c4c926",
                "sha256:8abb2f1d86890a2dfb989f9a77cfcfd3e47c2a354b01111771326f8aa26e0254"
            ],
            "markers": "python_version >= '2.7' and python_version not in '3.0, 3.1, 3.2, 3.3'",
            "version": "==1.16.0"
        },
        "smmap": {
            "hashes": [
                "sha256:2aba19d6a040e78d8b09de5c57e96207b09ed71d8e55ce0959eeee6c8e190d94",
                "sha256:c840e62059cd3be204b0c9c9f74be2c09d5648eddd4580d9314c3ecde0b30936"
            ],
            "markers": "python_version >= '3.6'",
            "version": "==5.0.0"
        },
        "toml": {
            "hashes": [
                "sha256:806143ae5bfb6a3c6e736a764057db0e6a0e05e338b5630894a5f779cabb4f9b",
                "sha256:b3bda1d108d5dd99f4a20d24d9c348e91c4db7ab1b749200bded2f839ccbe68f"
            ],
            "index": "pypi",
            "version": "==0.10.2"
        },
        "unidiff": {
            "hashes": [
                "sha256:2bbcbc986e1fb97f04b1d7b864aa6002ab02f4d8a996bf03aa6e5a81447d1fc5",
                "sha256:688622add422f84a873498cc4ff9bf50da5ea6c23dea908f19d2190fa39a8e39"
            ],
            "index": "pypi",
            "version": "==0.7.4"
        },
        "urllib3": {
            "hashes": [
                "sha256:44ece4d53fb1706f667c9bd1c648f5469a2ec925fcf3a776667042d645472c14",
                "sha256:aabaf16477806a5e1dd19aa41f8c2b7950dd3c746362d7e3223dbe6de6ac448e"
            ],
            "markers": "python_version >= '2.7' and python_version not in '3.0, 3.1, 3.2, 3.3, 3.4' and python_version < '4'",
            "version": "==1.26.9"
        }
    },
    "develop": {
        "attrs": {
            "hashes": [
                "sha256:2d27e3784d7a565d36ab851fe94887c5eccd6a463168875832a1be79c82828b4",
                "sha256:626ba8234211db98e869df76230a137c4c40a12d72445c45d5f5b716f076e2fd"
            ],
            "markers": "python_version >= '2.7' and python_version not in '3.0, 3.1, 3.2, 3.3, 3.4'",
            "version": "==21.4.0"
        },
        "bleach": {
            "hashes": [
                "sha256:08a1fe86d253b5c88c92cc3d810fd8048a16d15762e1e5b74d502256e5926aa1",
                "sha256:c6d6cc054bdc9c83b48b8083e236e5f00f238428666d2ce2e083eaa5fd568565"
            ],
            "markers": "python_version >= '3.7'",
            "version": "==5.0.0"
        },
        "bump2version": {
            "hashes": [
                "sha256:37f927ea17cde7ae2d7baf832f8e80ce3777624554a653006c9144f8017fe410",
                "sha256:762cb2bfad61f4ec8e2bdf452c7c267416f8c70dd9ecb1653fd0bbb01fa936e6"
            ],
            "index": "pypi",
            "version": "==1.0.1"
        },
        "certifi": {
            "hashes": [
                "sha256:84c85a9078b11105f04f3036a9482ae10e4621616db313fe045dd24743a0820d",
                "sha256:fe86415d55e84719d75f8b69414f6438ac3547d2078ab91b67e779ef69378412"
            ],
            "markers": "python_version >= '3.6'",
            "version": "==2022.6.15"
        },
        "cffi": {
            "hashes": [
                "sha256:00c878c90cb53ccfaae6b8bc18ad05d2036553e6d9d1d9dbcf323bbe83854ca3",
                "sha256:0104fb5ae2391d46a4cb082abdd5c69ea4eab79d8d44eaaf79f1b1fd806ee4c2",
                "sha256:06c48159c1abed75c2e721b1715c379fa3200c7784271b3c46df01383b593636",
                "sha256:0808014eb713677ec1292301ea4c81ad277b6cdf2fdd90fd540af98c0b101d20",
                "sha256:10dffb601ccfb65262a27233ac273d552ddc4d8ae1bf93b21c94b8511bffe728",
                "sha256:14cd121ea63ecdae71efa69c15c5543a4b5fbcd0bbe2aad864baca0063cecf27",
                "sha256:17771976e82e9f94976180f76468546834d22a7cc404b17c22df2a2c81db0c66",
                "sha256:181dee03b1170ff1969489acf1c26533710231c58f95534e3edac87fff06c443",
                "sha256:23cfe892bd5dd8941608f93348c0737e369e51c100d03718f108bf1add7bd6d0",
                "sha256:263cc3d821c4ab2213cbe8cd8b355a7f72a8324577dc865ef98487c1aeee2bc7",
                "sha256:2756c88cbb94231c7a147402476be2c4df2f6078099a6f4a480d239a8817ae39",
                "sha256:27c219baf94952ae9d50ec19651a687b826792055353d07648a5695413e0c605",
                "sha256:2a23af14f408d53d5e6cd4e3d9a24ff9e05906ad574822a10563efcef137979a",
                "sha256:31fb708d9d7c3f49a60f04cf5b119aeefe5644daba1cd2a0fe389b674fd1de37",
                "sha256:3415c89f9204ee60cd09b235810be700e993e343a408693e80ce7f6a40108029",
                "sha256:3773c4d81e6e818df2efbc7dd77325ca0dcb688116050fb2b3011218eda36139",
                "sha256:3b96a311ac60a3f6be21d2572e46ce67f09abcf4d09344c49274eb9e0bf345fc",
                "sha256:3f7d084648d77af029acb79a0ff49a0ad7e9d09057a9bf46596dac9514dc07df",
                "sha256:41d45de54cd277a7878919867c0f08b0cf817605e4eb94093e7516505d3c8d14",
                "sha256:4238e6dab5d6a8ba812de994bbb0a79bddbdf80994e4ce802b6f6f3142fcc880",
                "sha256:45db3a33139e9c8f7c09234b5784a5e33d31fd6907800b316decad50af323ff2",
                "sha256:45e8636704eacc432a206ac7345a5d3d2c62d95a507ec70d62f23cd91770482a",
                "sha256:4958391dbd6249d7ad855b9ca88fae690783a6be9e86df65865058ed81fc860e",
                "sha256:4a306fa632e8f0928956a41fa8e1d6243c71e7eb59ffbd165fc0b41e316b2474",
                "sha256:57e9ac9ccc3101fac9d6014fba037473e4358ef4e89f8e181f8951a2c0162024",
                "sha256:59888172256cac5629e60e72e86598027aca6bf01fa2465bdb676d37636573e8",
                "sha256:5e069f72d497312b24fcc02073d70cb989045d1c91cbd53979366077959933e0",
                "sha256:64d4ec9f448dfe041705426000cc13e34e6e5bb13736e9fd62e34a0b0c41566e",
                "sha256:6dc2737a3674b3e344847c8686cf29e500584ccad76204efea14f451d4cc669a",
                "sha256:74fdfdbfdc48d3f47148976f49fab3251e550a8720bebc99bf1483f5bfb5db3e",
                "sha256:75e4024375654472cc27e91cbe9eaa08567f7fbdf822638be2814ce059f58032",
                "sha256:786902fb9ba7433aae840e0ed609f45c7bcd4e225ebb9c753aa39725bb3e6ad6",
                "sha256:8b6c2ea03845c9f501ed1313e78de148cd3f6cad741a75d43a29b43da27f2e1e",
                "sha256:91d77d2a782be4274da750752bb1650a97bfd8f291022b379bb8e01c66b4e96b",
                "sha256:91ec59c33514b7c7559a6acda53bbfe1b283949c34fe7440bcf917f96ac0723e",
                "sha256:920f0d66a896c2d99f0adbb391f990a84091179542c205fa53ce5787aff87954",
                "sha256:a5263e363c27b653a90078143adb3d076c1a748ec9ecc78ea2fb916f9b861962",
                "sha256:abb9a20a72ac4e0fdb50dae135ba5e77880518e742077ced47eb1499e29a443c",
                "sha256:c2051981a968d7de9dd2d7b87bcb9c939c74a34626a6e2f8181455dd49ed69e4",
                "sha256:c21c9e3896c23007803a875460fb786118f0cdd4434359577ea25eb556e34c55",
                "sha256:c2502a1a03b6312837279c8c1bd3ebedf6c12c4228ddbad40912d671ccc8a962",
                "sha256:d4d692a89c5cf08a8557fdeb329b82e7bf609aadfaed6c0d79f5a449a3c7c023",
                "sha256:da5db4e883f1ce37f55c667e5c0de439df76ac4cb55964655906306918e7363c",
                "sha256:e7022a66d9b55e93e1a845d8c9eba2a1bebd4966cd8bfc25d9cd07d515b33fa6",
                "sha256:ef1f279350da2c586a69d32fc8733092fd32cc8ac95139a00377841f59a3f8d8",
                "sha256:f54a64f8b0c8ff0b64d18aa76675262e1700f3995182267998c31ae974fbc382",
                "sha256:f5c7150ad32ba43a07c4479f40241756145a1f03b43480e058cfd862bf5041c7",
                "sha256:f6f824dc3bce0edab5f427efcfb1d63ee75b6fcb7282900ccaf925be84efb0fc",
                "sha256:fd8a250edc26254fe5b33be00402e6d287f562b6a5b2152dec302fa15bb3e997",
                "sha256:ffaa5c925128e29efbde7301d8ecaf35c8c60ffbcd6a1ffd3a552177c8e5e796"
            ],
            "version": "==1.15.0"
        },
        "charset-normalizer": {
            "hashes": [
                "sha256:2857e29ff0d34db842cd7ca3230549d1a697f96ee6d3fb071cfa6c7393832597",
                "sha256:6881edbebdb17b39b4eaaa821b438bf6eddffb4468cf344f09f89def34a8b1df"
            ],
            "markers": "python_full_version >= '3.5.0'",
            "version": "==2.0.12"
        },
        "commonmark": {
            "hashes": [
                "sha256:452f9dc859be7f06631ddcb328b6919c67984aca654e5fefb3914d54691aed60",
                "sha256:da2f38c92590f83de410ba1a3cbceafbc74fee9def35f9251ba9a971d6d66fd9"
            ],
            "version": "==0.9.1"
        },
        "cryptography": {
            "hashes": [
                "sha256:093cb351031656d3ee2f4fa1be579a8c69c754cf874206be1d4cf3b542042804",
                "sha256:0cc20f655157d4cfc7bada909dc5cc228211b075ba8407c46467f63597c78178",
                "sha256:1b9362d34363f2c71b7853f6251219298124aa4cc2075ae2932e64c91a3e2717",
                "sha256:1f3bfbd611db5cb58ca82f3deb35e83af34bb8cf06043fa61500157d50a70982",
                "sha256:2bd1096476aaac820426239ab534b636c77d71af66c547b9ddcd76eb9c79e004",
                "sha256:31fe38d14d2e5f787e0aecef831457da6cec68e0bb09a35835b0b44ae8b988fe",
                "sha256:3b8398b3d0efc420e777c40c16764d6870bcef2eb383df9c6dbb9ffe12c64452",
                "sha256:3c81599befb4d4f3d7648ed3217e00d21a9341a9a688ecdd615ff72ffbed7336",
                "sha256:419c57d7b63f5ec38b1199a9521d77d7d1754eb97827bbb773162073ccd8c8d4",
                "sha256:46f4c544f6557a2fefa7ac8ac7d1b17bf9b647bd20b16decc8fbcab7117fbc15",
                "sha256:471e0d70201c069f74c837983189949aa0d24bb2d751b57e26e3761f2f782b8d",
                "sha256:59b281eab51e1b6b6afa525af2bd93c16d49358404f814fe2c2410058623928c",
                "sha256:731c8abd27693323b348518ed0e0705713a36d79fdbd969ad968fbef0979a7e0",
                "sha256:95e590dd70642eb2079d280420a888190aa040ad20f19ec8c6e097e38aa29e06",
                "sha256:a68254dd88021f24a68b613d8c51d5c5e74d735878b9e32cc0adf19d1f10aaf9",
                "sha256:a7d5137e556cc0ea418dca6186deabe9129cee318618eb1ffecbd35bee55ddc1",
                "sha256:aeaba7b5e756ea52c8861c133c596afe93dd716cbcacae23b80bc238202dc023",
                "sha256:dc26bb134452081859aa21d4990474ddb7e863aa39e60d1592800a8865a702de",
                "sha256:e53258e69874a306fcecb88b7534d61820db8a98655662a3dd2ec7f1afd9132f",
                "sha256:ef15c2df7656763b4ff20a9bc4381d8352e6640cfeb95c2972c38ef508e75181",
                "sha256:f224ad253cc9cea7568f49077007d2263efa57396a2f2f78114066fd54b5c68e",
                "sha256:f8ec91983e638a9bcd75b39f1396e5c0dc2330cbd9ce4accefe68717e6779e0a"
            ],
            "markers": "python_version >= '3.6'",
            "version": "==37.0.2"
        },
        "docutils": {
            "hashes": [
                "sha256:23010f129180089fbcd3bc08cfefccb3b890b0050e1ca00c867036e9d161b98c",
                "sha256:679987caf361a7539d76e584cbeddc311e3aee937877c87346f31debc63e9d06"
            ],
            "markers": "python_version >= '2.7' and python_version not in '3.0, 3.1, 3.2, 3.3, 3.4'",
            "version": "==0.18.1"
        },
        "editorconfig": {
            "hashes": [
                "sha256:57f8ce78afcba15c8b18d46b5170848c88d56fd38f05c2ec60dbbfcb8996e89e",
                "sha256:6b0851425aa875b08b16789ee0eeadbd4ab59666e9ebe728e526314c4a2e52c1"
            ],
            "version": "==0.12.3"
        },
        "flake8": {
            "hashes": [
                "sha256:07528381786f2a6237b061f6e96610a4167b226cb926e2aa2b6b1d78057c576b",
                "sha256:bf8fd333346d844f616e8d47905ef3a3384edae6b4e9beb0c5101e25e3110907"
            ],
            "index": "pypi",
            "version": "==3.9.2"
        },
        "flake8-tabs": {
            "hashes": [
                "sha256:e36c0f2038d709961510b9a80a685b28db87df6cfb1309b111d6be41e79a669b",
                "sha256:f11c4b8a1537d67014c24f5296118e54b78fc43204b740e28283fa8e165130ef"
            ],
            "index": "pypi",
            "version": "==2.3.2"
        },
        "idna": {
            "hashes": [
                "sha256:84d9dd047ffa80596e0f246e2eab0b391788b0503584e8945f2368256d2735ff",
                "sha256:9d643ff0a55b762d5cdb124b8eaa99c66322e2157b69160bc32796e824360e6d"
            ],
            "markers": "python_full_version >= '3.5.0'",
            "version": "==3.3"
        },
        "importlib-metadata": {
            "hashes": [
                "sha256:637245b8bab2b6502fcbc752cc4b7a6f6243bb02b31c5c26156ad103d3d45670",
                "sha256:7401a975809ea1fdc658c3aa4f78cc2195a0e019c5cbc4c06122884e9ae80c23"
            ],
            "markers": "python_version < '3.10'",
            "version": "==4.12.0"
        },
        "iniconfig": {
            "hashes": [
                "sha256:011e24c64b7f47f6ebd835bb12a743f2fbe9a26d4cecaa7f53bc4f35ee9da8b3",
                "sha256:bc3af051d7d14b2ee5ef9969666def0cd1a000e121eaea580d4a313df4b37f32"
            ],
            "version": "==1.1.1"
        },
        "jedi": {
            "hashes": [
                "sha256:86ed7d9b750603e4ba582ea8edc678657fb4007894a12bcf6f4bb97892f31d20",
                "sha256:98cc583fa0f2f8304968199b01b6b4b94f469a1f4a74c1560506ca2a211378b5"
            ],
            "markers": "python_version >= '2.7' and python_version not in '3.0, 3.1, 3.2, 3.3, 3.4'",
            "version": "==0.17.2"
        },
        "jeepney": {
            "hashes": [
                "sha256:5efe48d255973902f6badc3ce55e2aa6c5c3b3bc642059ef3a91247bcfcc5806",
                "sha256:c0a454ad016ca575060802ee4d590dd912e35c122fa04e70306de3d076cce755"
            ],
            "markers": "sys_platform == 'linux'",
            "version": "==0.8.0"
        },
        "keepachangelog": {
            "hashes": [
                "sha256:0d3331f6601aeccf73620319782f0e993b1147b1fcba0ee2a534e4eef4b252b4",
                "sha256:1b73548ce85518b73009ce71af79c617c663437268cb085071973440c0505158"
            ],
            "index": "pypi",
            "version": "==1.0.0"
        },
        "keyring": {
            "hashes": [
                "sha256:372ff2fc43ab779e3f87911c26e6c7acc8bb440cbd82683e383ca37594cb0617",
                "sha256:3ac00c26e4c93739e19103091a9986a9f79665a78cf15a4df1dba7ea9ac8da2f"
            ],
            "markers": "python_version >= '3.7'",
            "version": "==23.6.0"
        },
        "mccabe": {
            "hashes": [
                "sha256:ab8a6258860da4b6677da4bd2fe5dc2c659cff31b3ee4f7f5d64e79735b80d42",
                "sha256:dd8d182285a0fe56bace7f45b5e7d1a6ebcbf524e8f3bd87eb0f125271b8831f"
            ],
            "version": "==0.6.1"
        },
        "mypy": {
            "hashes": [
                "sha256:006be38474216b833eca29ff6b73e143386f352e10e9c2fbe76aa8549e5554f5",
                "sha256:03c6cc893e7563e7b2949b969e63f02c000b32502a1b4d1314cabe391aa87d66",
                "sha256:0e9f70df36405c25cc530a86eeda1e0867863d9471fe76d1273c783df3d35c2e",
                "sha256:1ece702f29270ec6af25db8cf6185c04c02311c6bb21a69f423d40e527b75c56",
                "sha256:3e09f1f983a71d0672bbc97ae33ee3709d10c779beb613febc36805a6e28bb4e",
                "sha256:439c726a3b3da7ca84a0199a8ab444cd8896d95012c4a6c4a0d808e3147abf5d",
                "sha256:5a0b53747f713f490affdceef835d8f0cb7285187a6a44c33821b6d1f46ed813",
                "sha256:5f1332964963d4832a94bebc10f13d3279be3ce8f6c64da563d6ee6e2eeda932",
                "sha256:63e85a03770ebf403291ec50097954cc5caf2a9205c888ce3a61bd3f82e17569",
                "sha256:64759a273d590040a592e0f4186539858c948302c653c2eac840c7a3cd29e51b",
                "sha256:697540876638ce349b01b6786bc6094ccdaba88af446a9abb967293ce6eaa2b0",
                "sha256:9940e6916ed9371809b35b2154baf1f684acba935cd09928952310fbddaba648",
                "sha256:9f5f5a74085d9a81a1f9c78081d60a0040c3efb3f28e5c9912b900adf59a16e6",
                "sha256:a5ea0875a049de1b63b972456542f04643daf320d27dc592d7c3d9cd5d9bf950",
                "sha256:b117650592e1782819829605a193360a08aa99f1fc23d1d71e1a75a142dc7e15",
                "sha256:b24be97351084b11582fef18d79004b3e4db572219deee0212078f7cf6352723",
                "sha256:b88f784e9e35dcaa075519096dc947a388319cb86811b6af621e3523980f1c8a",
                "sha256:bdd5ca340beffb8c44cb9dc26697628d1b88c6bddf5c2f6eb308c46f269bb6f3",
                "sha256:d5aaf1edaa7692490f72bdb9fbd941fbf2e201713523bdb3f4038be0af8846c6",
                "sha256:e999229b9f3198c0c880d5e269f9f8129c8862451ce53a011326cad38b9ccd24",
                "sha256:f4a21d01fc0ba4e31d82f0fff195682e29f9401a8bdb7173891070eb260aeb3b",
                "sha256:f4b794db44168a4fc886e3450201365c9526a522c46ba089b55e1f11c163750d",
                "sha256:f730d56cb924d371c26b8eaddeea3cc07d78ff51c521c6d04899ac6904b75492"
            ],
            "markers": "python_version >= '3.6'",
            "version": "==0.961"
        },
        "mypy-extensions": {
            "hashes": [
                "sha256:090fedd75945a69ae91ce1303b5824f428daf5a028d2f6ab8a299250a846f15d",
                "sha256:2d82818f5bb3e369420cb3c4060a7970edba416647068eb4c5343488a6c604a8"
            ],
            "version": "==0.4.3"
        },
        "packaging": {
            "hashes": [
                "sha256:dd47c42927d89ab911e606518907cc2d3a1f38bbd026385970643f9c5b8ecfeb",
                "sha256:ef103e05f519cdc783ae24ea4e2e0f508a9c99b2d4969652eed6a2e1ea5bd522"
            ],
            "markers": "python_version >= '3.6'",
            "version": "==21.3"
        },
        "parso": {
            "hashes": [
                "sha256:97218d9159b2520ff45eb78028ba8b50d2bc61dcc062a9682666f2dc4bd331ea",
                "sha256:caba44724b994a8a5e086460bb212abc5a8bc46951bf4a9a1210745953622eb9"
            ],
            "markers": "python_version >= '2.7' and python_version not in '3.0, 3.1, 3.2, 3.3'",
            "version": "==0.7.1"
        },
        "pkginfo": {
            "hashes": [
                "sha256:848865108ec99d4901b2f7e84058b6e7660aae8ae10164e015a6dcf5b242a594",
                "sha256:a84da4318dd86f870a9447a8c98340aa06216bfc6f2b7bdc4b8766984ae1867c"
            ],
            "markers": "python_version >= '2.7' and python_version not in '3.0, 3.1, 3.2, 3.3, 3.4, 3.5'",
            "version": "==1.8.3"
        },
        "pluggy": {
            "hashes": [
                "sha256:4224373bacce55f955a878bf9cfa763c1e360858e330072059e10bad68531159",
                "sha256:74134bbf457f031a36d68416e1509f34bd5ccc019f0bcc952c7b909d06b37bd3"
            ],
            "markers": "python_version >= '3.6'",
            "version": "==1.0.0"
        },
        "py": {
            "hashes": [
                "sha256:51c75c4126074b472f746a24399ad32f6053d1b34b68d2fa41e558e6f4a98719",
                "sha256:607c53218732647dff4acdfcd50cb62615cedf612e72d1724fb1a0cc6405b378"
            ],
            "markers": "python_version >= '2.7' and python_version not in '3.0, 3.1, 3.2, 3.3, 3.4'",
            "version": "==1.11.0"
        },
        "pycodestyle": {
            "hashes": [
                "sha256:514f76d918fcc0b55c6680472f0a37970994e07bbb80725808c17089be302068",
                "sha256:c389c1d06bf7904078ca03399a4816f974a1d590090fecea0c63ec26ebaf1cef"
            ],
            "markers": "python_version >= '2.7' and python_version not in '3.0, 3.1, 3.2, 3.3'",
            "version": "==2.7.0"
        },
        "pycparser": {
            "hashes": [
                "sha256:8ee45429555515e1f6b185e78100aea234072576aa43ab53aefcae078162fca9",
                "sha256:e644fdec12f7872f86c58ff790da456218b10f863970249516d60a5eaca77206"
            ],
            "version": "==2.21"
        },
        "pyflakes": {
            "hashes": [
                "sha256:7893783d01b8a89811dd72d7dfd4d84ff098e5eed95cfa8905b22bbffe52efc3",
                "sha256:f5bc8ecabc05bb9d291eb5203d6810b49040f6ff446a756326104746cc00c1db"
            ],
            "markers": "python_version >= '2.7' and python_version not in '3.0, 3.1, 3.2, 3.3'",
            "version": "==2.3.1"
        },
        "pygments": {
            "hashes": [
                "sha256:5eb116118f9612ff1ee89ac96437bb6b49e8f04d8a13b514ba26f620208e26eb",
                "sha256:dc9c10fb40944260f6ed4c688ece0cd2048414940f1cea51b8b226318411c519"
            ],
            "markers": "python_version >= '3.6'",
            "version": "==2.12.0"
        },
        "pyls-mypy": {
            "git": "https://github.com/tomv564/pyls-mypy.git",
            "ref": "3b105b491a42eec304f19e6ed6da1053d12958c6"
        },
        "pyparsing": {
            "hashes": [
                "sha256:2b020ecf7d21b687f219b71ecad3631f644a47f01403fa1d1036b0c6416d70fb",
                "sha256:5026bae9a10eeaefb61dab2f09052b9f4307d44aee4eda64b309723d8d206bbc"
            ],
            "markers": "python_full_version >= '3.6.8'",
            "version": "==3.0.9"
        },
        "pytest": {
            "hashes": [
                "sha256:13d0e3ccfc2b6e26be000cb6568c832ba67ba32e719443bfe725814d3c42433c",
                "sha256:a06a0425453864a270bc45e71f783330a7428defb4230fb5e6a731fde06ecd45"
            ],
            "index": "pypi",
            "version": "==7.1.2"
        },
        "pytest-mock": {
            "hashes": [
                "sha256:2c6d756d5d3bf98e2e80797a959ca7f81f479e7d1f5f571611b0fdd6d1745240",
                "sha256:d989f11ca4a84479e288b0cd1e6769d6ad0d3d7743dcc75e460d1416a5f2135a"
            ],
            "index": "pypi",
            "version": "==3.8.1"
        },
        "python-jsonrpc-server": {
            "hashes": [
                "sha256:62c543e541f101ec5b57dc654efc212d2c2e3ea47ff6f54b2e7dcb36ecf20595",
                "sha256:e5a908ff182e620aac07db5f57887eeb0afe33993008f57dc1b85b594cea250c"
            ],
            "version": "==0.4.0"
        },
        "python-language-server": {
            "hashes": [
                "sha256:9984c84a67ee2c5102c8e703215f407fcfa5e62b0ae86c9572d0ada8c4b417b0",
                "sha256:a0ad0aca03f4a20c1c40f4f230c6773eac82c9b7cdb026cb09ba10237f4815d5"
            ],
            "version": "==0.36.2"
        },
        "python-lsp-jsonrpc": {
            "hashes": [
                "sha256:079b143be64b0a378bdb21dff5e28a8c1393fe7e8a654ef068322d754e545fc7",
                "sha256:7bec170733db628d3506ea3a5288ff76aa33c70215ed223abdb0d95e957660bd"
            ],
            "version": "==1.0.0"
        },
        "python-lsp-server": {
            "hashes": [
                "sha256:be7f83298af9f0951a93972cafc9db04fd7cf5c05f20812515275f0ba70e342f",
                "sha256:e6bd0cf9530d8e2ba3b9c0ae10b99a16c33808bc9a7266afecc3900017b35326"
            ],
            "index": "pypi",
            "version": "==1.4.1"
        },
        "readme-renderer": {
            "hashes": [
                "sha256:73b84905d091c31f36e50b4ae05ae2acead661f6a09a9abb4df7d2ddcdb6a698",
                "sha256:a727999acfc222fc21d82a12ed48c957c4989785e5865807c65a487d21677497"
            ],
            "markers": "python_version >= '3.7'",
            "version": "==35.0"
        },
        "requests": {
            "hashes": [
                "sha256:bc7861137fbce630f17b03d3ad02ad0bf978c844f3536d0edda6499dafce2b6f",
                "sha256:d568723a7ebd25875d8d1eaf5dfa068cd2fc8194b2e483d7b1f7c81918dbec6b"
            ],
            "index": "pypi",
            "version": "==2.28.0"
        },
        "requests-toolbelt": {
            "hashes": [
                "sha256:380606e1d10dc85c3bd47bf5a6095f815ec007be7a8b69c878507068df059e6f",
                "sha256:968089d4584ad4ad7c171454f0a5c6dac23971e9472521ea3b6d49d610aa6fc0"
            ],
            "version": "==0.9.1"
        },
        "rfc3986": {
            "hashes": [
                "sha256:50b1502b60e289cb37883f3dfd34532b8873c7de9f49bb546641ce9cbd256ebd",
                "sha256:97aacf9dbd4bfd829baad6e6309fa6573aaf1be3f6fa735c8ab05e46cecb261c"
            ],
            "markers": "python_version >= '3.7'",
            "version": "==2.0.0"
        },
        "rich": {
            "hashes": [
                "sha256:4c586de507202505346f3e32d1363eb9ed6932f0c2f63184dea88983ff4971e2",
                "sha256:d2bbd99c320a2532ac71ff6a3164867884357da3e3301f0240090c5d2fdac7ec"
            ],
            "markers": "python_version < '4' and python_full_version >= '3.6.3'",
            "version": "==12.4.4"
        },
        "secretstorage": {
            "hashes": [
                "sha256:0a8eb9645b320881c222e827c26f4cfcf55363e8b374a021981ef886657a912f",
                "sha256:755dc845b6ad76dcbcbc07ea3da75ae54bb1ea529eb72d15f83d26499a5df319"
            ],
            "markers": "sys_platform == 'linux'",
            "version": "==3.3.2"
        },
        "six": {
            "hashes": [
                "sha256:1e61c37477a1626458e36f7b1d82aa5c9b094fa4802892072e49de9c60c4c926",
                "sha256:8abb2f1d86890a2dfb989f9a77cfcfd3e47c2a354b01111771326f8aa26e0254"
            ],
            "markers": "python_version >= '2.7' and python_version not in '3.0, 3.1, 3.2, 3.3'",
            "version": "==1.16.0"
        },
        "tomli": {
            "hashes": [
                "sha256:939de3e7a6161af0c887ef91b7d41a53e7c5a1ca976325f429cb46ea9bc30ecc",
                "sha256:de526c12914f0c550d15924c62d72abc48d6fe7364aa87328337a31007fe8a4f"
            ],
            "markers": "python_version < '3.11'",
            "version": "==2.0.1"
        },
        "twine": {
            "hashes": [
                "sha256:42026c18e394eac3e06693ee52010baa5313e4811d5a11050e7d48436cf41b9e",
                "sha256:96b1cf12f7ae611a4a40b6ae8e9570215daff0611828f5fe1f37a16255ab24a0"
            ],
            "index": "pypi",
            "version": "==4.0.1"
        },
        "typing-extensions": {
            "hashes": [
                "sha256:6657594ee297170d19f67d55c05852a874e7eb634f4f753dbd667855e07c1708",
                "sha256:f1c24655a0da0d1b67f07e17a5e6b2a105894e6824b92096378bb3668ef02376"
            ],
            "markers": "python_version >= '3.7'",
            "version": "==4.2.0"
        },
        "ujson": {
            "hashes": [
                "sha256:034c07399dff35385ecc53caf9b1f12b3e203834de27b723daeb2cbb3e02ee7f",
                "sha256:089965f964d17905c48cdca88b982d525165e549b438ac86f194c6a9d852fd69",
                "sha256:1358621686ddfda55171fc98c171bf5b1a80ce4d444134b70e1e449925fa014f",
                "sha256:151faa9085c10351a04aea959a2bc25dfa2e21af26d9b614a221d045b7923ea4",
                "sha256:285082924747958aa69e1dc2146c01db6b0921a0bb04b595beefe7fcffaffaf9",
                "sha256:287dea79473ce4941598c45dc34f9f692d48d7863b451541c5ce960ab54465fb",
                "sha256:2db7cbe415d7329b9bff029a83851d1077836ec728fe1c32be34c9c3a5017ab2",
                "sha256:34592a3c9370745b093ebca60aee6d32f8e7abe3d5c12d54c7dba0b2f81cd863",
                "sha256:47bf966e1041ae8e568d7e8eb421d72d0521c30c28306b76c256832553e316c6",
                "sha256:48bed7c1f95484644a2cc658efff4d1e75b8c806f6ef2b5c815f59e1cbe0d039",
                "sha256:4dc79db757b0dfa23a111a4573827a6ef57de65dbe8cdb202e45cf9ddf06aad5",
                "sha256:510c3705b29bc3753ec9e6073b99000160320c1cf6e035884295401acb474dfa",
                "sha256:5192505798a5734a85c763eff11e6f6072d3595c337b52f72922b4e22fe66e2e",
                "sha256:522b1d60872bb6368c14ac538adb55ca9d6c39a7a962832819ef1aafb3446ff5",
                "sha256:563b7ed1e789f763410c49e6fab51d61982eb94088b25338e65b89ad20b6b107",
                "sha256:5700a179abacbdc8609737e595a598b7f107cd68615ded3f922f4c0d4b6009d6",
                "sha256:5a87e1c05f1efc23c67bfa26be79f12c1f59f71a586b396068d5cf7eb78a2635",
                "sha256:612015c6e5a9bf041b89f1eaa8ab8682469b3a745a00c7c95bbbee8080f6b346",
                "sha256:66f857d8b8d7ea44e3fd5f2b7e471334f24b735423729771f5a7a7f69ab645ed",
                "sha256:6aba1e39ffdd83ec14832ea25bbb18266fea46bc69b8c0acbd996495826c0e6f",
                "sha256:6c5d19fbdd29d5080926c863ba89591a2d3dbf592ea35b456cb2996004433d11",
                "sha256:73636001055667bbcc6a73b232da1d272f68a49a1f192efbe99e99ddf8ef1d21",
                "sha256:7455fc3d69315149b95fd011c01496a5e9442c9e7c4d202bed87c5c2e449ed05",
                "sha256:7d2cb50aa526032b8812975c3832058763ee50e1dc3a1302431ed9d0922c3a1b",
                "sha256:865225a85e4ce48754d0036fdc0eb796b4aaf4f1e928f0efb9b4e1c081647a4c",
                "sha256:8a2cbb044bc6e6764b9a089a2079432b8bd576dbff5faa808b562a8f3c97452b",
                "sha256:8c734982d6560356c173817576a1f3fa074a2d2b993e63bffa69105ae9ec144b",
                "sha256:8dd74570fe59c738d4dc12d44eb89538b0b01fae9dda6cfe3ff3f6934877cf35",
                "sha256:972c1850cc52e57ccdea70e3c069e2da5c6090e3ee18d167dff2618a8d7dd127",
                "sha256:a014531468b78c031aa04e5ca8b64385a6edb48a2e66ebf11093213c678fc383",
                "sha256:a4fe193050b519ace09f7d053def30b99deadf650c18a8a874ea0f6c9a2992bc",
                "sha256:a609bb1cdda9748e6a8363039926dee5ea2bcc073412279615560b967f92a524",
                "sha256:a68d5a8a46712ffe86db8ae1b4311714db534725521c71fd4c9e1cd062dae9a4",
                "sha256:a720b6eff73415249a3dd02e2b1b337de31bb9fa8220bd572dffba23066e538c",
                "sha256:a933b3a238a48162c382e0ac338b97663d044b0485021b6670565a81e7b7ec98",
                "sha256:ab938777b3ac0372231ee654a7f6a13787e587b1ca268d8aa7e6fb6846e477d0",
                "sha256:b3e6431812d8008dce7b2546b1276f649f6c9aa44617762ebd3529a25092816c",
                "sha256:b926f2f7a266db8f2c46498f0c2c9fcc7e53c8e0fa8bff7f08ad9c044723a2ec",
                "sha256:bad1471ccfa8d100a0bc513c6db587c38de99384f2aa54eec1016a131d63d3d9",
                "sha256:c1408ea1704017289c3023928065233b90953aae3e1d7d06d6d6db667e9fe159",
                "sha256:c5696c99a7dd567566c18490e8e346b2657967feb1e3c2004e91dbb253db0894",
                "sha256:ca5eced4ae4ba1e2c9539fca6451694d31e0243de2acfcd6965e2b6e159ba29b",
                "sha256:d1fab398734634f4b412512ed230d45522fc9f3dd9ca169f579474a491f662aa",
                "sha256:d45e86101a5cddd295d5870b02244fc87ecd9b8936f440acbd2bb30b4c1fe23c",
                "sha256:d4830c8df958c45c16dfc43c8353403efd7f1a8e39b91a7e0e848d55b7fa8b48",
                "sha256:d553f31bceda492c2bda37f48873820d28f07608ae14409c5e9d6c3aa6694840",
                "sha256:decd32e8d7f934dde484e43431f60b069e87bb30a3a7e186cb6bd69caa0418f3",
                "sha256:e7961c493a982c03cffc9ce4dc2b23bed1375352296f946cc36ddeb5145fa62c",
                "sha256:ed9809bc36292e0d3632d50aae497b5827c1a2e07158f7d4d5c53e8e8662bf66",
                "sha256:f615ee181b813c8f50a57d55354d0c0304a0be066962efdbef6f44517b26e3b2"
            ],
            "markers": "python_version >= '3.1'",
            "version": "==5.3.0"
        },
        "urllib3": {
            "hashes": [
                "sha256:44ece4d53fb1706f667c9bd1c648f5469a2ec925fcf3a776667042d645472c14",
                "sha256:aabaf16477806a5e1dd19aa41f8c2b7950dd3c746362d7e3223dbe6de6ac448e"
            ],
            "markers": "python_version >= '2.7' and python_version not in '3.0, 3.1, 3.2, 3.3, 3.4' and python_version < '4'",
            "version": "==1.26.9"
        },
        "webencodings": {
            "hashes": [
                "sha256:a0af1213f3c2226497a97e2b3aa01a7e4bee4f403f95be16fc9acd2947514a78",
                "sha256:b36a1c245f2d304965eb4e0a82848379241dc04b865afcc4aab16748587e1923"
            ],
            "version": "==0.5.1"
        },
        "zipp": {
            "hashes": [
                "sha256:56bf8aadb83c24db6c4b577e13de374ccfb67da2078beba1d037c17980bf43ad",
                "sha256:c4f6e5bbf48e74f7a38e7cc5b0480ff42b0ae5178957d564d18932525d5cf099"
            ],
            "markers": "python_version >= '3.7'",
            "version": "==3.8.0"
        }
    }
}
